// !$*UTF8*$!
{
	archiveVersion = 1;
	classes = {
	};
	objectVersion = 46;
	objects = {

/* Begin PBXBuildFile section */
		660912D01C5A8DCC0066F735 /* AppDelegate.swift in Sources */ = {isa = PBXBuildFile; fileRef = 660912CF1C5A8DCC0066F735 /* AppDelegate.swift */; };
		660912D21C5A8DCC0066F735 /* ViewController.swift in Sources */ = {isa = PBXBuildFile; fileRef = 660912D11C5A8DCC0066F735 /* ViewController.swift */; };
		660912D51C5A8DCC0066F735 /* Main.storyboard in Resources */ = {isa = PBXBuildFile; fileRef = 660912D31C5A8DCC0066F735 /* Main.storyboard */; };
		660912D71C5A8DCC0066F735 /* Assets.xcassets in Resources */ = {isa = PBXBuildFile; fileRef = 660912D61C5A8DCC0066F735 /* Assets.xcassets */; };
		660912DA1C5A8DCC0066F735 /* LaunchScreen.storyboard in Resources */ = {isa = PBXBuildFile; fileRef = 660912D81C5A8DCC0066F735 /* LaunchScreen.storyboard */; };
		660912E51C5A8DCC0066F735 /* lalalTests.swift in Sources */ = {isa = PBXBuildFile; fileRef = 660912E41C5A8DCC0066F735 /* lalalTests.swift */; };
		660912F01C5A8DCC0066F735 /* lalalUITests.swift in Sources */ = {isa = PBXBuildFile; fileRef = 660912EF1C5A8DCC0066F735 /* lalalUITests.swift */; };
/* End PBXBuildFile section */

/* Begin PBXContainerItemProxy section */
		660912E11C5A8DCC0066F735 /* PBXContainerItemProxy */ = {
			isa = PBXContainerItemProxy;
			containerPortal = 660912C41C5A8DCC0066F735 /* Project object */;
			proxyType = 1;
			remoteGlobalIDString = 660912CB1C5A8DCC0066F735;
			remoteInfo = lalal;
		};
		660912EC1C5A8DCC0066F735 /* PBXContainerItemProxy */ = {
			isa = PBXContainerItemProxy;
			containerPortal = 660912C41C5A8DCC0066F735 /* Project object */;
			proxyType = 1;
			remoteGlobalIDString = 660912CB1C5A8DCC0066F735;
			remoteInfo = lalal;
		};
/* End PBXContainerItemProxy section */

/* Begin PBXFileReference section */
		660912CC1C5A8DCC0066F735 /* lalal.app */ = {isa = PBXFileReference; explicitFileType = wrapper.application; includeInIndex = 0; path = lalal.app; sourceTree = BUILT_PRODUCTS_DIR; };
		660912CF1C5A8DCC0066F735 /* AppDelegate.swift */ = {isa = PBXFileReference; lastKnownFileType = sourcecode.swift; path = AppDelegate.swift; sourceTree = "<group>"; };
		660912D11C5A8DCC0066F735 /* ViewController.swift */ = {isa = PBXFileReference; lastKnownFileType = sourcecode.swift; path = ViewController.swift; sourceTree = "<group>"; };
		660912D41C5A8DCC0066F735 /* Base */ = {isa = PBXFileReference; lastKnownFileType = file.storyboard; name = Base; path = Base.lproj/Main.storyboard; sourceTree = "<group>"; };
		660912D61C5A8DCC0066F735 /* Assets.xcassets */ = {isa = PBXFileReference; lastKnownFileType = folder.assetcatalog; path = Assets.xcassets; sourceTree = "<group>"; };
		660912D91C5A8DCC0066F735 /* Base */ = {isa = PBXFileReference; lastKnownFileType = file.storyboard; name = Base; path = Base.lproj/LaunchScreen.storyboard; sourceTree = "<group>"; };
		660912DB1C5A8DCC0066F735 /* Info.plist */ = {isa = PBXFileReference; lastKnownFileType = text.plist.xml; path = Info.plist; sourceTree = "<group>"; };
		660912E01C5A8DCC0066F735 /* lalalTests.xctest */ = {isa = PBXFileReference; explicitFileType = wrapper.cfbundle; includeInIndex = 0; path = lalalTests.xctest; sourceTree = BUILT_PRODUCTS_DIR; };
		660912E41C5A8DCC0066F735 /* lalalTests.swift */ = {isa = PBXFileReference; lastKnownFileType = sourcecode.swift; path = lalalTests.swift; sourceTree = "<group>"; };
		660912E61C5A8DCC0066F735 /* Info.plist */ = {isa = PBXFileReference; lastKnownFileType = text.plist.xml; path = Info.plist; sourceTree = "<group>"; };
		660912EB1C5A8DCC0066F735 /* lalalUITests.xctest */ = {isa = PBXFileReference; explicitFileType = wrapper.cfbundle; includeInIndex = 0; path = lalalUITests.xctest; sourceTree = BUILT_PRODUCTS_DIR; };
		660912EF1C5A8DCC0066F735 /* lalalUITests.swift */ = {isa = PBXFileReference; lastKnownFileType = sourcecode.swift; path = lalalUITests.swift; sourceTree = "<group>"; };
		660912F11C5A8DCC0066F735 /* Info.plist */ = {isa = PBXFileReference; lastKnownFileType = text.plist.xml; path = Info.plist; sourceTree = "<group>"; };
/* End PBXFileReference section */

/* Begin PBXFrameworksBuildPhase section */
		660912C91C5A8DCC0066F735 /* Frameworks */ = {
			isa = PBXFrameworksBuildPhase;
			buildActionMask = 2147483647;
			files = (
			);
			runOnlyForDeploymentPostprocessing = 0;
		};
		660912DD1C5A8DCC0066F735 /* Frameworks */ = {
			isa = PBXFrameworksBuildPhase;
			buildActionMask = 2147483647;
			files = (
			);
			runOnlyForDeploymentPostprocessing = 0;
		};
		660912E81C5A8DCC0066F735 /* Frameworks */ = {
			isa = PBXFrameworksBuildPhase;
			buildActionMask = 2147483647;
			files = (
			);
			runOnlyForDeploymentPostprocessing = 0;
		};
/* End PBXFrameworksBuildPhase section */

/* Begin PBXGroup section */
		660912C31C5A8DCC0066F735 = {
			isa = PBXGroup;
			children = (
				660912CE1C5A8DCC0066F735 /* lalal */,
				660912E31C5A8DCC0066F735 /* lalalTests */,
				660912EE1C5A8DCC0066F735 /* lalalUITests */,
				660912CD1C5A8DCC0066F735 /* Products */,
			);
			sourceTree = "<group>";
		};
		660912CD1C5A8DCC0066F735 /* Products */ = {
			isa = PBXGroup;
			children = (
				660912CC1C5A8DCC0066F735 /* lalal.app */,
				660912E01C5A8DCC0066F735 /* lalalTests.xctest */,
				660912EB1C5A8DCC0066F735 /* lalalUITests.xctest */,
			);
			name = Products;
			sourceTree = "<group>";
		};
		660912CE1C5A8DCC0066F735 /* lalal */ = {
			isa = PBXGroup;
			children = (
				660912CF1C5A8DCC0066F735 /* AppDelegate.swift */,
				660912D11C5A8DCC0066F735 /* ViewController.swift */,
				660912D31C5A8DCC0066F735 /* Main.storyboard */,
				660912D61C5A8DCC0066F735 /* Assets.xcassets */,
				660912D81C5A8DCC0066F735 /* LaunchScreen.storyboard */,
				660912DB1C5A8DCC0066F735 /* Info.plist */,
			);
			path = lalal;
			sourceTree = "<group>";
		};
		660912E31C5A8DCC0066F735 /* lalalTests */ = {
			isa = PBXGroup;
			children = (
				660912E41C5A8DCC0066F735 /* lalalTests.swift */,
				660912E61C5A8DCC0066F735 /* Info.plist */,
			);
			path = lalalTests;
			sourceTree = "<group>";
		};
		660912EE1C5A8DCC0066F735 /* lalalUITests */ = {
			isa = PBXGroup;
			children = (
				660912EF1C5A8DCC0066F735 /* lalalUITests.swift */,
				660912F11C5A8DCC0066F735 /* Info.plist */,
			);
			path = lalalUITests;
			sourceTree = "<group>";
		};
/* End PBXGroup section */

/* Begin PBXNativeTarget section */
		660912CB1C5A8DCC0066F735 /* lalal */ = {
			isa = PBXNativeTarget;
			buildConfigurationList = 660912F41C5A8DCC0066F735 /* Build configuration list for PBXNativeTarget "lalal" */;
			buildPhases = (
				660912C81C5A8DCC0066F735 /* Sources */,
				660912C91C5A8DCC0066F735 /* Frameworks */,
				660912CA1C5A8DCC0066F735 /* Resources */,
			);
			buildRules = (
			);
			dependencies = (
			);
			name = lalal;
			productName = lalal;
			productReference = 660912CC1C5A8DCC0066F735 /* lalal.app */;
			productType = "com.apple.product-type.application";
		};
		660912DF1C5A8DCC0066F735 /* lalalTests */ = {
			isa = PBXNativeTarget;
			buildConfigurationList = 660912F71C5A8DCC0066F735 /* Build configuration list for PBXNativeTarget "lalalTests" */;
			buildPhases = (
				660912DC1C5A8DCC0066F735 /* Sources */,
				660912DD1C5A8DCC0066F735 /* Frameworks */,
				660912DE1C5A8DCC0066F735 /* Resources */,
			);
			buildRules = (
			);
			dependencies = (
				660912E21C5A8DCC0066F735 /* PBXTargetDependency */,
			);
			name = lalalTests;
			productName = lalalTests;
			productReference = 660912E01C5A8DCC0066F735 /* lalalTests.xctest */;
			productType = "com.apple.product-type.bundle.unit-test";
		};
		660912EA1C5A8DCC0066F735 /* lalalUITests */ = {
			isa = PBXNativeTarget;
			buildConfigurationList = 660912FA1C5A8DCC0066F735 /* Build configuration list for PBXNativeTarget "lalalUITests" */;
			buildPhases = (
				660912E71C5A8DCC0066F735 /* Sources */,
				660912E81C5A8DCC0066F735 /* Frameworks */,
				660912E91C5A8DCC0066F735 /* Resources */,
			);
			buildRules = (
			);
			dependencies = (
				660912ED1C5A8DCC0066F735 /* PBXTargetDependency */,
			);
			name = lalalUITests;
			productName = lalalUITests;
			productReference = 660912EB1C5A8DCC0066F735 /* lalalUITests.xctest */;
			productType = "com.apple.product-type.bundle.ui-testing";
		};
/* End PBXNativeTarget section */

/* Begin PBXProject section */
		660912C41C5A8DCC0066F735 /* Project object */ = {
			isa = PBXProject;
			attributes = {
				LastSwiftUpdateCheck = 0720;
				LastUpgradeCheck = 0720;
				ORGANIZATIONNAME = segira;
				TargetAttributes = {
					660912CB1C5A8DCC0066F735 = {
						CreatedOnToolsVersion = 7.2;
					};
					660912DF1C5A8DCC0066F735 = {
						CreatedOnToolsVersion = 7.2;
						TestTargetID = 660912CB1C5A8DCC0066F735;
					};
					660912EA1C5A8DCC0066F735 = {
						CreatedOnToolsVersion = 7.2;
						TestTargetID = 660912CB1C5A8DCC0066F735;
					};
				};
			};
			buildConfigurationList = 660912C71C5A8DCC0066F735 /* Build configuration list for PBXProject "lalal" */;
			compatibilityVersion = "Xcode 3.2";
			developmentRegion = English;
			hasScannedForEncodings = 0;
			knownRegions = (
				en,
				Base,
			);
			mainGroup = 660912C31C5A8DCC0066F735;
			productRefGroup = 660912CD1C5A8DCC0066F735 /* Products */;
			projectDirPath = "";
			projectRoot = "";
			targets = (
				660912CB1C5A8DCC0066F735 /* lalal */,
				660912DF1C5A8DCC0066F735 /* lalalTests */,
				660912EA1C5A8DCC0066F735 /* lalalUITests */,
			);
		};
/* End PBXProject section */

/* Begin PBXResourcesBuildPhase section */
		660912CA1C5A8DCC0066F735 /* Resources */ = {
			isa = PBXResourcesBuildPhase;
			buildActionMask = 2147483647;
			files = (
				660912DA1C5A8DCC0066F735 /* LaunchScreen.storyboard in Resources */,
				660912D71C5A8DCC0066F735 /* Assets.xcassets in Resources */,
				660912D51C5A8DCC0066F735 /* Main.storyboard in Resources */,
			);
			runOnlyForDeploymentPostprocessing = 0;
		};
		660912DE1C5A8DCC0066F735 /* Resources */ = {
			isa = PBXResourcesBuildPhase;
			buildActionMask = 2147483647;
			files = (
			);
			runOnlyForDeploymentPostprocessing = 0;
		};
		660912E91C5A8DCC0066F735 /* Resources */ = {
			isa = PBXResourcesBuildPhase;
			buildActionMask = 2147483647;
			files = (
			);
			runOnlyForDeploymentPostprocessing = 0;
		};
/* End PBXResourcesBuildPhase section */

/* Begin PBXSourcesBuildPhase section */
		660912C81C5A8DCC0066F735 /* Sources */ = {
			isa = PBXSourcesBuildPhase;
			buildActionMask = 2147483647;
			files = (
				660912D21C5A8DCC0066F735 /* ViewController.swift in Sources */,
				660912D01C5A8DCC0066F735 /* AppDelegate.swift in Sources */,
			);
			runOnlyForDeploymentPostprocessing = 0;
		};
		660912DC1C5A8DCC0066F735 /* Sources */ = {
			isa = PBXSourcesBuildPhase;
			buildActionMask = 2147483647;
			files = (
				660912E51C5A8DCC0066F735 /* lalalTests.swift in Sources */,
			);
			runOnlyForDeploymentPostprocessing = 0;
		};
		660912E71C5A8DCC0066F735 /* Sources */ = {
			isa = PBXSourcesBuildPhase;
			buildActionMask = 2147483647;
			files = (
				660912F01C5A8DCC0066F735 /* lalalUITests.swift in Sources */,
			);
			runOnlyForDeploymentPostprocessing = 0;
		};
/* End PBXSourcesBuildPhase section */

/* Begin PBXTargetDependency section */
		660912E21C5A8DCC0066F735 /* PBXTargetDependency */ = {
			isa = PBXTargetDependency;
			target = 660912CB1C5A8DCC0066F735 /* lalal */;
			targetProxy = 660912E11C5A8DCC0066F735 /* PBXContainerItemProxy */;
		};
		660912ED1C5A8DCC0066F735 /* PBXTargetDependency */ = {
			isa = PBXTargetDependency;
			target = 660912CB1C5A8DCC0066F735 /* lalal */;
			targetProxy = 660912EC1C5A8DCC0066F735 /* PBXContainerItemProxy */;
		};
/* End PBXTargetDependency section */

/* Begin PBXVariantGroup section */
		660912D31C5A8DCC0066F735 /* Main.storyboard */ = {
			isa = PBXVariantGroup;
			children = (
				660912D41C5A8DCC0066F735 /* Base */,
			);
			name = Main.storyboard;
			sourceTree = "<group>";
		};
		660912D81C5A8DCC0066F735 /* LaunchScreen.storyboard */ = {
			isa = PBXVariantGroup;
			children = (
				660912D91C5A8DCC0066F735 /* Base */,
			);
			name = LaunchScreen.storyboard;
			sourceTree = "<group>";
		};
/* End PBXVariantGroup section */

/* Begin XCBuildConfiguration section */
		660912F21C5A8DCC0066F735 /* Debug */ = {
			isa = XCBuildConfiguration;
			buildSettings = {
				ALWAYS_SEARCH_USER_PATHS = NO;
				CLANG_CXX_LANGUAGE_STANDARD = "gnu++0x";
				CLANG_CXX_LIBRARY = "libc++";
				CLANG_ENABLE_MODULES = YES;
				CLANG_ENABLE_OBJC_ARC = YES;
				CLANG_WARN_BOOL_CONVERSION = YES;
				CLANG_WARN_CONSTANT_CONVERSION = YES;
				CLANG_WARN_DIRECT_OBJC_ISA_USAGE = YES_ERROR;
				CLANG_WARN_EMPTY_BODY = YES;
				CLANG_WARN_ENUM_CONVERSION = YES;
				CLANG_WARN_INT_CONVERSION = YES;
				CLANG_WARN_OBJC_ROOT_CLASS = YES_ERROR;
				CLANG_WARN_UNREACHABLE_CODE = YES;
				CLANG_WARN__DUPLICATE_METHOD_MATCH = YES;
				"CODE_SIGN_IDENTITY[sdk=iphoneos*]" = "iPhone Developer";
				COPY_PHASE_STRIP = NO;
				DEBUG_INFORMATION_FORMAT = dwarf;
				ENABLE_STRICT_OBJC_MSGSEND = YES;
				ENABLE_TESTABILITY = YES;
				GCC_C_LANGUAGE_STANDARD = gnu99;
				GCC_DYNAMIC_NO_PIC = NO;
				GCC_NO_COMMON_BLOCKS = YES;
				GCC_OPTIMIZATION_LEVEL = 0;
				GCC_PREPROCESSOR_DEFINITIONS = (
					"DEBUG=1",
					"$(inherited)",
				);
				GCC_WARN_64_TO_32_BIT_CONVERSION = YES;
				GCC_WARN_ABOUT_RETURN_TYPE = YES_ERROR;
				GCC_WARN_UNDECLARED_SELECTOR = YES;
				GCC_WARN_UNINITIALIZED_AUTOS = YES_AGGRESSIVE;
				GCC_WARN_UNUSED_FUNCTION = YES;
				GCC_WARN_UNUSED_VARIABLE = YES;
				IPHONEOS_DEPLOYMENT_TARGET = 9.2;
				MTL_ENABLE_DEBUG_INFO = YES;
				ONLY_ACTIVE_ARCH = YES;
				SDKROOT = iphoneos;
				SWIFT_OPTIMIZATION_LEVEL = "-Onone";
			};
			name = Debug;
		};
		660912F31C5A8DCC0066F735 /* Release */ = {
			isa = XCBuildConfiguration;
			buildSettings = {
				ALWAYS_SEARCH_USER_PATHS = NO;
				CLANG_CXX_LANGUAGE_STANDARD = "gnu++0x";
				CLANG_CXX_LIBRARY = "libc++";
				CLANG_ENABLE_MODULES = YES;
				CLANG_ENABLE_OBJC_ARC = YES;
				CLANG_WARN_BOOL_CONVERSION = YES;
				CLANG_WARN_CONSTANT_CONVERSION = YES;
				CLANG_WARN_DIRECT_OBJC_ISA_USAGE = YES_ERROR;
				CLANG_WARN_EMPTY_BODY = YES;
				CLANG_WARN_ENUM_CONVERSION = YES;
				CLANG_WARN_INT_CONVERSION = YES;
				CLANG_WARN_OBJC_ROOT_CLASS = YES_ERROR;
				CLANG_WARN_UNREACHABLE_CODE = YES;
				CLANG_WARN__DUPLICATE_METHOD_MATCH = YES;
				"CODE_SIGN_IDENTITY[sdk=iphoneos*]" = "iPhone Developer";
				COPY_PHASE_STRIP = NO;
				DEBUG_INFORMATION_FORMAT = "dwarf-with-dsym";
				ENABLE_NS_ASSERTIONS = NO;
				ENABLE_STRICT_OBJC_MSGSEND = YES;
				GCC_C_LANGUAGE_STANDARD = gnu99;
				GCC_NO_COMMON_BLOCKS = YES;
				GCC_WARN_64_TO_32_BIT_CONVERSION = YES;
				GCC_WARN_ABOUT_RETURN_TYPE = YES_ERROR;
				GCC_WARN_UNDECLARED_SELECTOR = YES;
				GCC_WARN_UNINITIALIZED_AUTOS = YES_AGGRESSIVE;
				GCC_WARN_UNUSED_FUNCTION = YES;
				GCC_WARN_UNUSED_VARIABLE = YES;
				IPHONEOS_DEPLOYMENT_TARGET = 9.2;
				MTL_ENABLE_DEBUG_INFO = NO;
				SDKROOT = iphoneos;
				VALIDATE_PRODUCT = YES;
			};
			name = Release;
		};
		660912F51C5A8DCC0066F735 /* Debug */ = {
			isa = XCBuildConfiguration;
			buildSettings = {
				ASSETCATALOG_COMPILER_APPICON_NAME = AppIcon;
				INFOPLIST_FILE = lalal/Info.plist;
				LD_RUNPATH_SEARCH_PATHS = "$(inherited) @executable_path/Frameworks";
				PRODUCT_BUNDLE_IDENTIFIER = com.example.lalal;
				PRODUCT_NAME = "$(TARGET_NAME)";
			};
			name = Debug;
		};
		660912F61C5A8DCC0066F735 /* Release */ = {
			isa = XCBuildConfiguration;
			buildSettings = {
				ASSETCATALOG_COMPILER_APPICON_NAME = AppIcon;
				INFOPLIST_FILE = lalal/Info.plist;
				LD_RUNPATH_SEARCH_PATHS = "$(inherited) @executable_path/Frameworks";
				PRODUCT_BUNDLE_IDENTIFIER = com.example.lalal;
				PRODUCT_NAME = "$(TARGET_NAME)";
			};
			name = Release;
		};
		660912F81C5A8DCC0066F735 /* Debug */ = {
			isa = XCBuildConfiguration;
			buildSettings = {
				BUNDLE_LOADER = "$(TEST_HOST)";
				INFOPLIST_FILE = lalalTests/Info.plist;
				LD_RUNPATH_SEARCH_PATHS = "$(inherited) @executable_path/Frameworks @loader_path/Frameworks";
				PRODUCT_BUNDLE_IDENTIFIER = com.example.lalalTests;
				PRODUCT_NAME = "$(TARGET_NAME)";
				TEST_HOST = "$(BUILT_PRODUCTS_DIR)/lalal.app/lalal";
			};
			name = Debug;
		};
		660912F91C5A8DCC0066F735 /* Release */ = {
			isa = XCBuildConfiguration;
			buildSettings = {
				BUNDLE_LOADER = "$(TEST_HOST)";
				INFOPLIST_FILE = lalalTests/Info.plist;
				LD_RUNPATH_SEARCH_PATHS = "$(inherited) @executable_path/Frameworks @loader_path/Frameworks";
				PRODUCT_BUNDLE_IDENTIFIER = com.example.lalalTests;
				PRODUCT_NAME = "$(TARGET_NAME)";
				TEST_HOST = "$(BUILT_PRODUCTS_DIR)/lalal.app/lalal";
			};
			name = Release;
		};
		660912FB1C5A8DCC0066F735 /* Debug */ = {
			isa = XCBuildConfiguration;
			buildSettings = {
				INFOPLIST_FILE = lalalUITests/Info.plist;
				LD_RUNPATH_SEARCH_PATHS = "$(inherited) @executable_path/Frameworks @loader_path/Frameworks";
				PRODUCT_BUNDLE_IDENTIFIER = com.example.lalalUITests;
				PRODUCT_NAME = "$(TARGET_NAME)";
				TEST_TARGET_NAME = lalal;
				USES_XCTRUNNER = YES;
			};
			name = Debug;
		};
		660912FC1C5A8DCC0066F735 /* Release */ = {
			isa = XCBuildConfiguration;
			buildSettings = {
				INFOPLIST_FILE = lalalUITests/Info.plist;
				LD_RUNPATH_SEARCH_PATHS = "$(inherited) @executable_path/Frameworks @loader_path/Frameworks";
				PRODUCT_BUNDLE_IDENTIFIER = com.example.lalalUITests;
				PRODUCT_NAME = "$(TARGET_NAME)";
				TEST_TARGET_NAME = lalal;
				USES_XCTRUNNER = YES;
			};
			name = Release;
		};
/* End XCBuildConfiguration section */

/* Begin XCConfigurationList section */
		660912C71C5A8DCC0066F735 /* Build configuration list for PBXProject "lalal" */ = {
			isa = XCConfigurationList;
			buildConfigurations = (
				660912F21C5A8DCC0066F735 /* Debug */,
				660912F31C5A8DCC0066F735 /* Release */,
			);
			defaultConfigurationIsVisible = 0;
			defaultConfigurationName = Release;
		};
		660912F41C5A8DCC0066F735 /* Build configuration list for PBXNativeTarget "lalal" */ = {
			isa = XCConfigurationList;
			buildConfigurations = (
				660912F51C5A8DCC0066F735 /* Debug */,
				660912F61C5A8DCC0066F735 /* Release */,
			);
			defaultConfigurationIsVisible = 0;
		};
		660912F71C5A8DCC0066F735 /* Build configuration list for PBXNativeTarget "lalalTests" */ = {
			isa = XCConfigurationList;
			buildConfigurations = (
				660912F81C5A8DCC0066F735 /* Debug */,
				660912F91C5A8DCC0066F735 /* Release */,
			);
			defaultConfigurationIsVisible = 0;
		};
		660912FA1C5A8DCC0066F735 /* Build configuration list for PBXNativeTarget "lalalUITests" */ = {
			isa = XCConfigurationList;
			buildConfigurations = (
				660912FB1C5A8DCC0066F735 /* Debug */,
				660912FC1C5A8DCC0066F735 /* Release */,
			);
			defaultConfigurationIsVisible = 0;
		};
/* End XCConfigurationList section */
	};
	rootObject = 660912C41C5A8DCC0066F735 /* Project object */;
}
